// !$*UTF8*$!
{
	archiveVersion = 1;
	classes = {
	};
	objectVersion = 46;
	objects = {

/* Begin PBXBuildFile section */
		527A78571A3BA58900908F9E /* main.m in Sources */ = {isa = PBXBuildFile; fileRef = 527A78561A3BA58900908F9E /* main.m */; };
		527A785A1A3BA58900908F9E /* AppDelegate.m in Sources */ = {isa = PBXBuildFile; fileRef = 527A78591A3BA58900908F9E /* AppDelegate.m */; };
		527A785D1A3BA58900908F9E /* TwitterCloneV2.xcdatamodeld in Sources */ = {isa = PBXBuildFile; fileRef = 527A785B1A3BA58900908F9E /* TwitterCloneV2.xcdatamodeld */; };
		527A78601A3BA58900908F9E /* ViewController.m in Sources */ = {isa = PBXBuildFile; fileRef = 527A785F1A3BA58900908F9E /* ViewController.m */; };
		527A78631A3BA58900908F9E /* Main.storyboard in Resources */ = {isa = PBXBuildFile; fileRef = 527A78611A3BA58900908F9E /* Main.storyboard */; };
		527A78651A3BA58900908F9E /* Images.xcassets in Resources */ = {isa = PBXBuildFile; fileRef = 527A78641A3BA58900908F9E /* Images.xcassets */; };
		527A78681A3BA58900908F9E /* LaunchScreen.xib in Resources */ = {isa = PBXBuildFile; fileRef = 527A78661A3BA58900908F9E /* LaunchScreen.xib */; };
		527A78741A3BA58900908F9E /* TwitterCloneV2Tests.m in Sources */ = {isa = PBXBuildFile; fileRef = 527A78731A3BA58900908F9E /* TwitterCloneV2Tests.m */; };
/* End PBXBuildFile section */

/* Begin PBXContainerItemProxy section */
		527A786E1A3BA58900908F9E /* PBXContainerItemProxy */ = {
			isa = PBXContainerItemProxy;
			containerPortal = 527A78491A3BA58900908F9E /* Project object */;
			proxyType = 1;
			remoteGlobalIDString = 527A78501A3BA58900908F9E;
			remoteInfo = TwitterCloneV2;
		};
/* End PBXContainerItemProxy section */

/* Begin PBXFileReference section */
		527A78511A3BA58900908F9E /* TwitterCloneV2.app */ = {isa = PBXFileReference; explicitFileType = wrapper.application; includeInIndex = 0; path = TwitterCloneV2.app; sourceTree = BUILT_PRODUCTS_DIR; };
		527A78551A3BA58900908F9E /* Info.plist */ = {isa = PBXFileReference; lastKnownFileType = text.plist.xml; path = Info.plist; sourceTree = "<group>"; };
		527A78561A3BA58900908F9E /* main.m */ = {isa = PBXFileReference; lastKnownFileType = sourcecode.c.objc; path = main.m; sourceTree = "<group>"; };
		527A78581A3BA58900908F9E /* AppDelegate.h */ = {isa = PBXFileReference; lastKnownFileType = sourcecode.c.h; path = AppDelegate.h; sourceTree = "<group>"; };
		527A78591A3BA58900908F9E /* AppDelegate.m */ = {isa = PBXFileReference; lastKnownFileType = sourcecode.c.objc; path = AppDelegate.m; sourceTree = "<group>"; };
		527A785C1A3BA58900908F9E /* TwitterCloneV2.xcdatamodel */ = {isa = PBXFileReference; lastKnownFileType = wrapper.xcdatamodel; path = TwitterCloneV2.xcdatamodel; sourceTree = "<group>"; };
		527A785E1A3BA58900908F9E /* ViewController.h */ = {isa = PBXFileReference; lastKnownFileType = sourcecode.c.h; path = ViewController.h; sourceTree = "<group>"; };
		527A785F1A3BA58900908F9E /* ViewController.m */ = {isa = PBXFileReference; lastKnownFileType = sourcecode.c.objc; path = ViewController.m; sourceTree = "<group>"; };
		527A78621A3BA58900908F9E /* Base */ = {isa = PBXFileReference; lastKnownFileType = file.storyboard; name = Base; path = Base.lproj/Main.storyboard; sourceTree = "<group>"; };
		527A78641A3BA58900908F9E /* Images.xcassets */ = {isa = PBXFileReference; lastKnownFileType = folder.assetcatalog; path = Images.xcassets; sourceTree = "<group>"; };
		527A78671A3BA58900908F9E /* Base */ = {isa = PBXFileReference; lastKnownFileType = file.xib; name = Base; path = Base.lproj/LaunchScreen.xib; sourceTree = "<group>"; };
		527A786D1A3BA58900908F9E /* TwitterCloneV2Tests.xctest */ = {isa = PBXFileReference; explicitFileType = wrapper.cfbundle; includeInIndex = 0; path = TwitterCloneV2Tests.xctest; sourceTree = BUILT_PRODUCTS_DIR; };
		527A78721A3BA58900908F9E /* Info.plist */ = {isa = PBXFileReference; lastKnownFileType = text.plist.xml; path = Info.plist; sourceTree = "<group>"; };
		527A78731A3BA58900908F9E /* TwitterCloneV2Tests.m */ = {isa = PBXFileReference; lastKnownFileType = sourcecode.c.objc; path = TwitterCloneV2Tests.m; sourceTree = "<group>"; };
/* End PBXFileReference section */

/* Begin PBXFrameworksBuildPhase section */
		527A784E1A3BA58900908F9E /* Frameworks */ = {
			isa = PBXFrameworksBuildPhase;
			buildActionMask = 2147483647;
			files = (
			);
			runOnlyForDeploymentPostprocessing = 0;
		};
		527A786A1A3BA58900908F9E /* Frameworks */ = {
			isa = PBXFrameworksBuildPhase;
			buildActionMask = 2147483647;
			files = (
			);
			runOnlyForDeploymentPostprocessing = 0;
		};
/* End PBXFrameworksBuildPhase section */

/* Begin PBXGroup section */
		527A78481A3BA58900908F9E = {
			isa = PBXGroup;
			children = (
				527A78531A3BA58900908F9E /* TwitterCloneV2 */,
				527A78701A3BA58900908F9E /* TwitterCloneV2Tests */,
				527A78521A3BA58900908F9E /* Products */,
			);
			sourceTree = "<group>";
		};
		527A78521A3BA58900908F9E /* Products */ = {
			isa = PBXGroup;
			children = (
				527A78511A3BA58900908F9E /* TwitterCloneV2.app */,
				527A786D1A3BA58900908F9E /* TwitterCloneV2Tests.xctest */,
			);
			name = Products;
			sourceTree = "<group>";
		};
		527A78531A3BA58900908F9E /* TwitterCloneV2 */ = {
			isa = PBXGroup;
			children = (
				527A78581A3BA58900908F9E /* AppDelegate.h */,
				527A78591A3BA58900908F9E /* AppDelegate.m */,
				527A785E1A3BA58900908F9E /* ViewController.h */,
				527A785F1A3BA58900908F9E /* ViewController.m */,
				527A78611A3BA58900908F9E /* Main.storyboard */,
				527A78641A3BA58900908F9E /* Images.xcassets */,
				527A78661A3BA58900908F9E /* LaunchScreen.xib */,
				527A785B1A3BA58900908F9E /* TwitterCloneV2.xcdatamodeld */,
				527A78541A3BA58900908F9E /* Supporting Files */,
			);
			path = TwitterCloneV2;
			sourceTree = "<group>";
		};
		527A78541A3BA58900908F9E /* Supporting Files */ = {
			isa = PBXGroup;
			children = (
				527A78551A3BA58900908F9E /* Info.plist */,
				527A78561A3BA58900908F9E /* main.m */,
			);
			name = "Supporting Files";
			sourceTree = "<group>";
		};
		527A78701A3BA58900908F9E /* TwitterCloneV2Tests */ = {
			isa = PBXGroup;
			children = (
				527A78731A3BA58900908F9E /* TwitterCloneV2Tests.m */,
				527A78711A3BA58900908F9E /* Supporting Files */,
			);
			path = TwitterCloneV2Tests;
			sourceTree = "<group>";
		};
		527A78711A3BA58900908F9E /* Supporting Files */ = {
			isa = PBXGroup;
			children = (
				527A78721A3BA58900908F9E /* Info.plist */,
			);
			name = "Supporting Files";
			sourceTree = "<group>";
		};
/* End PBXGroup section */

/* Begin PBXNativeTarget section */
		527A78501A3BA58900908F9E /* TwitterCloneV2 */ = {
			isa = PBXNativeTarget;
			buildConfigurationList = 527A78771A3BA58900908F9E /* Build configuration list for PBXNativeTarget "TwitterCloneV2" */;
			buildPhases = (
				527A784D1A3BA58900908F9E /* Sources */,
				527A784E1A3BA58900908F9E /* Frameworks */,
				527A784F1A3BA58900908F9E /* Resources */,
			);
			buildRules = (
			);
			dependencies = (
			);
			name = TwitterCloneV2;
			productName = TwitterCloneV2;
			productReference = 527A78511A3BA58900908F9E /* TwitterCloneV2.app */;
			productType = "com.apple.product-type.application";
		};
		527A786C1A3BA58900908F9E /* TwitterCloneV2Tests */ = {
			isa = PBXNativeTarget;
			buildConfigurationList = 527A787A1A3BA58900908F9E /* Build configuration list for PBXNativeTarget "TwitterCloneV2Tests" */;
			buildPhases = (
				527A78691A3BA58900908F9E /* Sources */,
				527A786A1A3BA58900908F9E /* Frameworks */,
				527A786B1A3BA58900908F9E /* Resources */,
			);
			buildRules = (
			);
			dependencies = (
				527A786F1A3BA58900908F9E /* PBXTargetDependency */,
			);
			name = TwitterCloneV2Tests;
			productName = TwitterCloneV2Tests;
			productReference = 527A786D1A3BA58900908F9E /* TwitterCloneV2Tests.xctest */;
			productType = "com.apple.product-type.bundle.unit-test";
		};
/* End PBXNativeTarget section */

/* Begin PBXProject section */
		527A78491A3BA58900908F9E /* Project object */ = {
			isa = PBXProject;
			attributes = {
				LastUpgradeCheck = 0610;
				ORGANIZATIONNAME = "sam wong";
				TargetAttributes = {
					527A78501A3BA58900908F9E = {
						CreatedOnToolsVersion = 6.1.1;
					};
					527A786C1A3BA58900908F9E = {
						CreatedOnToolsVersion = 6.1.1;
						TestTargetID = 527A78501A3BA58900908F9E;
					};
				};
			};
			buildConfigurationList = 527A784C1A3BA58900908F9E /* Build configuration list for PBXProject "TwitterCloneV2" */;
			compatibilityVersion = "Xcode 3.2";
			developmentRegion = English;
			hasScannedForEncodings = 0;
			knownRegions = (
				en,
				Base,
			);
			mainGroup = 527A78481A3BA58900908F9E;
			productRefGroup = 527A78521A3BA58900908F9E /* Products */;
			projectDirPath = "";
			projectRoot = "";
			targets = (
				527A78501A3BA58900908F9E /* TwitterCloneV2 */,
				527A786C1A3BA58900908F9E /* TwitterCloneV2Tests */,
			);
		};
/* End PBXProject section */

/* Begin PBXResourcesBuildPhase section */
		527A784F1A3BA58900908F9E /* Resources */ = {
			isa = PBXResourcesBuildPhase;
			buildActionMask = 2147483647;
			files = (
				527A78631A3BA58900908F9E /* Main.storyboard in Resources */,
				527A78681A3BA58900908F9E /* LaunchScreen.xib in Resources */,
				527A78651A3BA58900908F9E /* Images.xcassets in Resources */,
			);
			runOnlyForDeploymentPostprocessing = 0;
		};
		527A786B1A3BA58900908F9E /* Resources */ = {
			isa = PBXResourcesBuildPhase;
			buildActionMask = 2147483647;
			files = (
			);
			runOnlyForDeploymentPostprocessing = 0;
		};
/* End PBXResourcesBuildPhase section */

/* Begin PBXSourcesBuildPhase section */
		527A784D1A3BA58900908F9E /* Sources */ = {
			isa = PBXSourcesBuildPhase;
			buildActionMask = 2147483647;
			files = (
				527A785A1A3BA58900908F9E /* AppDelegate.m in Sources */,
				527A785D1A3BA58900908F9E /* TwitterCloneV2.xcdatamodeld in Sources */,
				527A78601A3BA58900908F9E /* ViewController.m in Sources */,
				527A78571A3BA58900908F9E /* main.m in Sources */,
			);
			runOnlyForDeploymentPostprocessing = 0;
		};
		527A78691A3BA58900908F9E /* Sources */ = {
			isa = PBXSourcesBuildPhase;
			buildActionMask = 2147483647;
			files = (
				527A78741A3BA58900908F9E /* TwitterCloneV2Tests.m in Sources */,
			);
			runOnlyForDeploymentPostprocessing = 0;
		};
/* End PBXSourcesBuildPhase section */

/* Begin PBXTargetDependency section */
		527A786F1A3BA58900908F9E /* PBXTargetDependency */ = {
			isa = PBXTargetDependency;
			target = 527A78501A3BA58900908F9E /* TwitterCloneV2 */;
			targetProxy = 527A786E1A3BA58900908F9E /* PBXContainerItemProxy */;
		};
/* End PBXTargetDependency section */

/* Begin PBXVariantGroup section */
		527A78611A3BA58900908F9E /* Main.storyboard */ = {
			isa = PBXVariantGroup;
			children = (
				527A78621A3BA58900908F9E /* Base */,
			);
			name = Main.storyboard;
			sourceTree = "<group>";
		};
		527A78661A3BA58900908F9E /* LaunchScreen.xib */ = {
			isa = PBXVariantGroup;
			children = (
				527A78671A3BA58900908F9E /* Base */,
			);
			name = LaunchScreen.xib;
			sourceTree = "<group>";
		};
/* End PBXVariantGroup section */

/* Begin XCBuildConfiguration section */
		527A78751A3BA58900908F9E /* Debug */ = {
			isa = XCBuildConfiguration;
			buildSettings = {
				ALWAYS_SEARCH_USER_PATHS = NO;
				CLANG_CXX_LANGUAGE_STANDARD = "gnu++0x";
				CLANG_CXX_LIBRARY = "libc++";
				CLANG_ENABLE_MODULES = YES;
				CLANG_ENABLE_OBJC_ARC = YES;
				CLANG_WARN_BOOL_CONVERSION = YES;
				CLANG_WARN_CONSTANT_CONVERSION = YES;
				CLANG_WARN_DIRECT_OBJC_ISA_USAGE = YES_ERROR;
				CLANG_WARN_EMPTY_BODY = YES;
				CLANG_WARN_ENUM_CONVERSION = YES;
				CLANG_WARN_INT_CONVERSION = YES;
				CLANG_WARN_OBJC_ROOT_CLASS = YES_ERROR;
				CLANG_WARN_UNREACHABLE_CODE = YES;
				CLANG_WARN__DUPLICATE_METHOD_MATCH = YES;
				"CODE_SIGN_IDENTITY[sdk=iphoneos*]" = "iPhone Developer";
				COPY_PHASE_STRIP = NO;
				ENABLE_STRICT_OBJC_MSGSEND = YES;
				GCC_C_LANGUAGE_STANDARD = gnu99;
				GCC_DYNAMIC_NO_PIC = NO;
				GCC_OPTIMIZATION_LEVEL = 0;
				GCC_PREPROCESSOR_DEFINITIONS = (
					"DEBUG=1",
					"$(inherited)",
				);
				GCC_SYMBOLS_PRIVATE_EXTERN = NO;
				GCC_WARN_64_TO_32_BIT_CONVERSION = YES;
				GCC_WARN_ABOUT_RETURN_TYPE = YES_ERROR;
				GCC_WARN_UNDECLARED_SELECTOR = YES;
				GCC_WARN_UNINITIALIZED_AUTOS = YES_AGGRESSIVE;
				GCC_WARN_UNUSED_FUNCTION = YES;
				GCC_WARN_UNUSED_VARIABLE = YES;
				IPHONEOS_DEPLOYMENT_TARGET = 8.1;
				MTL_ENABLE_DEBUG_INFO = YES;
				ONLY_ACTIVE_ARCH = YES;
				SDKROOT = iphoneos;
			};
			name = Debug;
		};
		527A78761A3BA58900908F9E /* Release */ = {
			isa = XCBuildConfiguration;
			buildSettings = {
				ALWAYS_SEARCH_USER_PATHS = NO;
				CLANG_CXX_LANGUAGE_STANDARD = "gnu++0x";
				CLANG_CXX_LIBRARY = "libc++";
				CLANG_ENABLE_MODULES = YES;
				CLANG_ENABLE_OBJC_ARC = YES;
				CLANG_WARN_BOOL_CONVERSION = YES;
				CLANG_WARN_CONSTANT_CONVERSION = YES;
				CLANG_WARN_DIRECT_OBJC_ISA_USAGE = YES_ERROR;
				CLANG_WARN_EMPTY_BODY = YES;
				CLANG_WARN_ENUM_CONVERSION = YES;
				CLANG_WARN_INT_CONVERSION = YES;
				CLANG_WARN_OBJC_ROOT_CLASS = YES_ERROR;
				CLANG_WARN_UNREACHABLE_CODE = YES;
				CLANG_WARN__DUPLICATE_METHOD_MATCH = YES;
				"CODE_SIGN_IDENTITY[sdk=iphoneos*]" = "iPhone Developer";
				COPY_PHASE_STRIP = YES;
				ENABLE_NS_ASSERTIONS = NO;
				ENABLE_STRICT_OBJC_MSGSEND = YES;
				GCC_C_LANGUAGE_STANDARD = gnu99;
				GCC_WARN_64_TO_32_BIT_CONVERSION = YES;
				GCC_WARN_ABOUT_RETURN_TYPE = YES_ERROR;
				GCC_WARN_UNDECLARED_SELECTOR = YES;
				GCC_WARN_UNINITIALIZED_AUTOS = YES_AGGRESSIVE;
				GCC_WARN_UNUSED_FUNCTION = YES;
				GCC_WARN_UNUSED_VARIABLE = YES;
				IPHONEOS_DEPLOYMENT_TARGET = 8.1;
				MTL_ENABLE_DEBUG_INFO = NO;
				SDKROOT = iphoneos;
				VALIDATE_PRODUCT = YES;
			};
			name = Release;
		};
		527A78781A3BA58900908F9E /* Debug */ = {
			isa = XCBuildConfiguration;
			buildSettings = {
				ASSETCATALOG_COMPILER_APPICON_NAME = AppIcon;
				INFOPLIST_FILE = TwitterCloneV2/Info.plist;
				LD_RUNPATH_SEARCH_PATHS = "$(inherited) @executable_path/Frameworks";
				PRODUCT_NAME = "$(TARGET_NAME)";
			};
			name = Debug;
		};
		527A78791A3BA58900908F9E /* Release */ = {
			isa = XCBuildConfiguration;
			buildSettings = {
				ASSETCATALOG_COMPILER_APPICON_NAME = AppIcon;
				INFOPLIST_FILE = TwitterCloneV2/Info.plist;
				LD_RUNPATH_SEARCH_PATHS = "$(inherited) @executable_path/Frameworks";
				PRODUCT_NAME = "$(TARGET_NAME)";
			};
			name = Release;
		};
		527A787B1A3BA58900908F9E /* Debug */ = {
			isa = XCBuildConfiguration;
			buildSettings = {
				BUNDLE_LOADER = "$(TEST_HOST)";
				FRAMEWORK_SEARCH_PATHS = (
					"$(SDKROOT)/Developer/Library/Frameworks",
					"$(inherited)",
				);
				GCC_PREPROCESSOR_DEFINITIONS = (
					"DEBUG=1",
					"$(inherited)",
				);
				INFOPLIST_FILE = TwitterCloneV2Tests/Info.plist;
				LD_RUNPATH_SEARCH_PATHS = "$(inherited) @executable_path/Frameworks @loader_path/Frameworks";
				PRODUCT_NAME = "$(TARGET_NAME)";
				TEST_HOST = "$(BUILT_PRODUCTS_DIR)/TwitterCloneV2.app/TwitterCloneV2";
			};
			name = Debug;
		};
		527A787C1A3BA58900908F9E /* Release */ = {
			isa = XCBuildConfiguration;
			buildSettings = {
				BUNDLE_LOADER = "$(TEST_HOST)";
				FRAMEWORK_SEARCH_PATHS = (
					"$(SDKROOT)/Developer/Library/Frameworks",
					"$(inherited)",
				);
				INFOPLIST_FILE = TwitterCloneV2Tests/Info.plist;
				LD_RUNPATH_SEARCH_PATHS = "$(inherited) @executable_path/Frameworks @loader_path/Frameworks";
				PRODUCT_NAME = "$(TARGET_NAME)";
				TEST_HOST = "$(BUILT_PRODUCTS_DIR)/TwitterCloneV2.app/TwitterCloneV2";
			};
			name = Release;
		};
/* End XCBuildConfiguration section */

/* Begin XCConfigurationList section */
		527A784C1A3BA58900908F9E /* Build configuration list for PBXProject "TwitterCloneV2" */ = {
			isa = XCConfigurationList;
			buildConfigurations = (
				527A78751A3BA58900908F9E /* Debug */,
				527A78761A3BA58900908F9E /* Release */,
			);
			defaultConfigurationIsVisible = 0;
			defaultConfigurationName = Release;
		};
		527A78771A3BA58900908F9E /* Build configuration list for PBXNativeTarget "TwitterCloneV2" */ = {
			isa = XCConfigurationList;
			buildConfigurations = (
				527A78781A3BA58900908F9E /* Debug */,
				527A78791A3BA58900908F9E /* Release */,
			);
			defaultConfigurationIsVisible = 0;
		};
		527A787A1A3BA58900908F9E /* Build configuration list for PBXNativeTarget "TwitterCloneV2Tests" */ = {
			isa = XCConfigurationList;
			buildConfigurations = (
				527A787B1A3BA58900908F9E /* Debug */,
				527A787C1A3BA58900908F9E /* Release */,
			);
			defaultConfigurationIsVisible = 0;
		};
/* End XCConfigurationList section */

/* Begin XCVersionGroup section */
		527A785B1A3BA58900908F9E /* TwitterCloneV2.xcdatamodeld */ = {
			isa = XCVersionGroup;
			children = (
				527A785C1A3BA58900908F9E /* TwitterCloneV2.xcdatamodel */,
			);
			currentVersion = 527A785C1A3BA58900908F9E /* TwitterCloneV2.xcdatamodel */;
			path = TwitterCloneV2.xcdatamodeld;
			sourceTree = "<group>";
			versionGroupType = wrapper.xcdatamodel;
		};
/* End XCVersionGroup section */
	};
	rootObject = 527A78491A3BA58900908F9E /* Project object */;
}
